
Microsoft Visual Studio Solution File, Format Version 12.00
Project("{FAE04EC0-301F-11D3-BF4B-00C04F79EFBC}") = "VectorPaint", "VectorPaint\VectorPaint.csproj", "{58298EC8-0BD6-4ABA-B648-46B956B64499}"
EndProject
Global
	GlobalSection(SolutionConfigurationPlatforms) = preSolution
		Debug|Any CPU = Debug|Any CPU
		Release|Any CPU = Release|Any CPU
	EndGlobalSection
	GlobalSection(ProjectConfigurationPlatforms) = postSolution
		{58298EC8-0BD6-4ABA-B648-46B956B64499}.Debug|Any CPU.ActiveCfg = Debug|Any CPU
		{58298EC8-0BD6-4ABA-B648-46B956B64499}.Debug|Any CPU.Build.0 = Debug|Any CPU
		{58298EC8-0BD6-4ABA-B648-46B956B64499}.Release|Any CPU.ActiveCfg = Release|Any CPU
		{58298EC8-0BD6-4ABA-B648-46B956B64499}.Release|Any CPU.Build.0 = Release|Any CPU
	EndGlobalSection
EndGlobal
